
Microsoft Visual Studio Solution File, Format Version 12.00
# Visual Studio Version 16
VisualStudioVersion = 16.0.30907.101
MinimumVisualStudioVersion = 10.0.40219.1
Project("{FAE04EC0-301F-11D3-BF4B-00C04F79EFBC}") = "Serverapplication", "Serverapplication.csproj", "{AF86334E-83AF-4BCE-A639-1727673B46B3}"
EndProject
Global
	GlobalSection(SolutionConfigurationPlatforms) = preSolution
		Debug|Any CPU = Debug|Any CPU
		Release|Any CPU = Release|Any CPU
	EndGlobalSection
	GlobalSection(ProjectConfigurationPlatforms) = postSolution
		{AF86334E-83AF-4BCE-A639-1727673B46B3}.Debug|Any CPU.ActiveCfg = Debug|Any CPU
		{AF86334E-83AF-4BCE-A639-1727673B46B3}.Debug|Any CPU.Build.0 = Debug|Any CPU
		{AF86334E-83AF-4BCE-A639-1727673B46B3}.Release|Any CPU.ActiveCfg = Release|Any CPU
		{AF86334E-83AF-4BCE-A639-1727673B46B3}.Release|Any CPU.Build.0 = Release|Any CPU
	EndGlobalSection
	GlobalSection(SolutionProperties) = preSolution
		HideSolutionNode = FALSE
	EndGlobalSection
	GlobalSection(ExtensibilityGlobals) = postSolution
		SolutionGuid = {C1D5EEF9-5AF7-46D8-84D7-AA6E8FE02828}
	EndGlobalSection
EndGlobal
